# This file is automatically @generated by Cargo.
# It is not intended for manual editing.
version = 4

[[package]]
name = "bitflags"
version = "2.13.1"
source = "registry+https://github.com/rust-lang/crates.io-index"
checksum = "b588b76d00fde79687d7646a9b5bdf3cc0f655e0bbd080335a95d7e96f3587da"

[[package]]
name = "equivalent"
version = "1.0.2"
source = "registry+https://github.com/rust-lang/crates.io-index"
checksum = "877a4ace8713b0bcf2a4e7eec82529c029f1d0619886d18145fea96c3ffe5c0f"

[[package]]
name = "hashbrown"
version = "0.17.1"
source = "registry+https://github.com/rust-lang/crates.io-index"
checksum = "ed5909b6e89a2db4456e54cd5f673791d7eca6732202bbf2a9cc504fe2f9b84a"

[[package]]
name = "indexmap"
version = "2.14.2"
source = "registry+https://github.com/rust-lang/crates.io-index"
checksum = "cc4e190f5d26ca7051642629da2c52fc03bde85a03197c99408dcd291734c855"
dependencies = [
 "equivalent",
 "hashbrown",
]

[[package]]
name = "unwasm-cli"
version = "0.1.0"
dependencies = [
 "unwasm-core",
]

[[package]]
name = "unwasm-core"
version = "0.1.0"
dependencies = [
 "wasmparser",
]

[[package]]
name = "wasmparser"
version = "0.254.0"
source = "registry+https://github.com/rust-lang/crates.io-index"
checksum = "d5769a29f799fbab136aaf65b4fe5384cd7d93fe6fc9ba0dcb6c8382a1f16e27"
dependencies = [
 "bitflags",
 "indexmap",
]
